
Microsoft Visual Studio Solution File, Format Version 12.00
# Visual Studio 14
VisualStudioVersion = 14.0.23107.0
MinimumVisualStudioVersion = 10.0.40219.1
Project("{8BC9CEB8-8B4A-11D0-8D11-00A0C91BC942}") = "Studio_09_02", "Studio_09_02\Studio_09_02.vcxproj", "{403069A7-9A78-4408-B444-A70D8900C96C}"
EndProject
Project("{8BC9CEB8-8B4A-11D0-8D11-00A0C91BC942}") = "Studio_09_02_2", "Studio_09_02_2\Studio_09_02_2.vcxproj", "{A60E7359-3CD8-4340-A715-E4262D5A766E}"
EndProject
Project("{8BC9CEB8-8B4A-11D0-8D11-00A0C91BC942}") = "Studio_09_09", "Studio_09_09\Studio_09_09.vcxproj", "{2F145DDD-6C39-437C-BB69-F20C5E98CCCD}"
EndProject
Project("{8BC9CEB8-8B4A-11D0-8D11-00A0C91BC942}") = "Studio_09_14", "Studio_09_14\Studio_09_14.vcxproj", "{6E3B98F9-C5C6-4267-99D7-1ED822482BB0}"
EndProject
Project("{8BC9CEB8-8B4A-11D0-8D11-00A0C91BC942}") = "Studio_09_16", "Studio_09_16\Studio_09_16.vcxproj", "{67767029-87A5-4527-852D-1520C3ACDCCB}"
EndProject
Project("{8BC9CEB8-8B4A-11D0-8D11-00A0C91BC942}") = "Studio_09_21", "Studio_09_21\Studio_09_21.vcxproj", "{7FEFBDD3-BC2A-4ECD-9FF9-37FDE8D23BE0}"
EndProject
Project("{8BC9CEB8-8B4A-11D0-8D11-00A0C91BC942}") = "Studio_09_23", "Studio_09_23\Studio_09_23.vcxproj", "{15EC7BDD-CFBF-4F7E-9B93-27C7FD74757A}"
EndProject
Project("{8BC9CEB8-8B4A-11D0-8D11-00A0C91BC942}") = "Studio_09_28", "Studio_09_28\Studio_09_28.vcxproj", "{6D7B973D-16FE-400A-B553-E13496D239FE}"
EndProject
Project("{8BC9CEB8-8B4A-11D0-8D11-00A0C91BC942}") = "Studio_09_09_2", "Studio_09_09_2\Studio_09_09_2.vcxproj", "{39224DB4-B1B5-4333-BF90-9FB501EFA2FD}"
EndProject
Project("{8BC9CEB8-8B4A-11D0-8D11-00A0C91BC942}") = "Studio_09_14_02", "Studio_09_14_02\Studio_09_14_02.vcxproj", "{AF51D9E3-B772-4AE7-9417-9EAD6E83E48A}"
EndProject
Project("{8BC9CEB8-8B4A-11D0-8D11-00A0C91BC942}") = "Studio_10_05", "Studio_10_05\Studio_10_05.vcxproj", "{64E3D531-E01F-4918-93A3-56CC8238ECDD}"
EndProject
Global
	GlobalSection(SolutionConfigurationPlatforms) = preSolution
		Debug|x64 = Debug|x64
		Debug|x86 = Debug|x86
		Release|x64 = Release|x64
		Release|x86 = Release|x86
	EndGlobalSection
	GlobalSection(ProjectConfigurationPlatforms) = postSolution
		{403069A7-9A78-4408-B444-A70D8900C96C}.Debug|x64.ActiveCfg = Debug|x64
		{403069A7-9A78-4408-B444-A70D8900C96C}.Debug|x64.Build.0 = Debug|x64
		{403069A7-9A78-4408-B444-A70D8900C96C}.Debug|x86.ActiveCfg = Debug|Win32
		{403069A7-9A78-4408-B444-A70D8900C96C}.Debug|x86.Build.0 = Debug|Win32
		{403069A7-9A78-4408-B444-A70D8900C96C}.Release|x64.ActiveCfg = Release|x64
		{403069A7-9A78-4408-B444-A70D8900C96C}.Release|x64.Build.0 = Release|x64
		{403069A7-9A78-4408-B444-A70D8900C96C}.Release|x86.ActiveCfg = Release|Win32
		{403069A7-9A78-4408-B444-A70D8900C96C}.Release|x86.Build.0 = Release|Win32
		{A60E7359-3CD8-4340-A715-E4262D5A766E}.Debug|x64.ActiveCfg = Debug|x64
		{A60E7359-3CD8-4340-A715-E4262D5A766E}.Debug|x64.Build.0 = Debug|x64
		{A60E7359-3CD8-4340-A715-E4262D5A766E}.Debug|x86.ActiveCfg = Debug|Win32
		{A60E7359-3CD8-4340-A715-E4262D5A766E}.Debug|x86.Build.0 = Debug|Win32
		{A60E7359-3CD8-4340-A715-E4262D5A766E}.Release|x64.ActiveCfg = Release|x64
		{A60E7359-3CD8-4340-A715-E4262D5A766E}.Release|x64.Build.0 = Release|x64
		{A60E7359-3CD8-4340-A715-E4262D5A766E}.Release|x86.ActiveCfg = Release|Win32
		{A60E7359-3CD8-4340-A715-E4262D5A766E}.Release|x86.Build.0 = Release|Win32
		{2F145DDD-6C39-437C-BB69-F20C5E98CCCD}.Debug|x64.ActiveCfg = Debug|x64
		{2F145DDD-6C39-437C-BB69-F20C5E98CCCD}.Debug|x64.Build.0 = Debug|x64
		{2F145DDD-6C39-437C-BB69-F20C5E98CCCD}.Debug|x86.ActiveCfg = Debug|Win32
		{2F145DDD-6C39-437C-BB69-F20C5E98CCCD}.Debug|x86.Build.0 = Debug|Win32
		{2F145DDD-6C39-437C-BB69-F20C5E98CCCD}.Release|x64.ActiveCfg = Release|x64
		{2F145DDD-6C39-437C-BB69-F20C5E98CCCD}.Release|x64.Build.0 = Release|x64
		{2F145DDD-6C39-437C-BB69-F20C5E98CCCD}.Release|x86.ActiveCfg = Release|Win32
		{2F145DDD-6C39-437C-BB69-F20C5E98CCCD}.Release|x86.Build.0 = Release|Win32
		{6E3B98F9-C5C6-4267-99D7-1ED822482BB0}.Debug|x64.ActiveCfg = Debug|x64
		{6E3B98F9-C5C6-4267-99D7-1ED822482BB0}.Debug|x64.Build.0 = Debug|x64
		{6E3B98F9-C5C6-4267-99D7-1ED822482BB0}.Debug|x86.ActiveCfg = Debug|Win32
		{6E3B98F9-C5C6-4267-99D7-1ED822482BB0}.Debug|x86.Build.0 = Debug|Win32
		{6E3B98F9-C5C6-4267-99D7-1ED822482BB0}.Release|x64.ActiveCfg = Release|x64
		{6E3B98F9-C5C6-4267-99D7-1ED822482BB0}.Release|x64.Build.0 = Release|x64
		{6E3B98F9-C5C6-4267-99D7-1ED822482BB0}.Release|x86.ActiveCfg = Release|Win32
		{6E3B98F9-C5C6-4267-99D7-1ED822482BB0}.Release|x86.Build.0 = Release|Win32
		{67767029-87A5-4527-852D-1520C3ACDCCB}.Debug|x64.ActiveCfg = Debug|x64
		{67767029-87A5-4527-852D-1520C3ACDCCB}.Debug|x64.Build.0 = Debug|x64
		{67767029-87A5-4527-852D-1520C3ACDCCB}.Debug|x86.ActiveCfg = Debug|Win32
		{67767029-87A5-4527-852D-1520C3ACDCCB}.Debug|x86.Build.0 = Debug|Win32
		{67767029-87A5-4527-852D-1520C3ACDCCB}.Release|x64.ActiveCfg = Release|x64
		{67767029-87A5-4527-852D-1520C3ACDCCB}.Release|x64.Build.0 = Release|x64
		{67767029-87A5-4527-852D-1520C3ACDCCB}.Release|x86.ActiveCfg = Release|Win32
		{67767029-87A5-4527-852D-1520C3ACDCCB}.Release|x86.Build.0 = Release|Win32
		{7FEFBDD3-BC2A-4ECD-9FF9-37FDE8D23BE0}.Debug|x64.ActiveCfg = Debug|x64
		{7FEFBDD3-BC2A-4ECD-9FF9-37FDE8D23BE0}.Debug|x64.Build.0 = Debug|x64
		{7FEFBDD3-BC2A-4ECD-9FF9-37FDE8D23BE0}.Debug|x86.ActiveCfg = Debug|Win32
		{7FEFBDD3-BC2A-4ECD-9FF9-37FDE8D23BE0}.Debug|x86.Build.0 = Debug|Win32
		{7FEFBDD3-BC2A-4ECD-9FF9-37FDE8D23BE0}.Release|x64.ActiveCfg = Release|x64
		{7FEFBDD3-BC2A-4ECD-9FF9-37FDE8D23BE0}.Release|x64.Build.0 = Release|x64
		{7FEFBDD3-BC2A-4ECD-9FF9-37FDE8D23BE0}.Release|x86.ActiveCfg = Release|Win32
		{7FEFBDD3-BC2A-4ECD-9FF9-37FDE8D23BE0}.Release|x86.Build.0 = Release|Win32
		{15EC7BDD-CFBF-4F7E-9B93-27C7FD74757A}.Debug|x64.ActiveCfg = Debug|x64
		{15EC7BDD-CFBF-4F7E-9B93-27C7FD74757A}.Debug|x64.Build.0 = Debug|x64
		{15EC7BDD-CFBF-4F7E-9B93-27C7FD74757A}.Debug|x86.ActiveCfg = Debug|Win32
		{15EC7BDD-CFBF-4F7E-9B93-27C7FD74757A}.Debug|x86.Build.0 = Debug|Win32
		{15EC7BDD-CFBF-4F7E-9B93-27C7FD74757A}.Release|x64.ActiveCfg = Release|x64
		{15EC7BDD-CFBF-4F7E-9B93-27C7FD74757A}.Release|x64.Build.0 = Release|x64
		{15EC7BDD-CFBF-4F7E-9B93-27C7FD74757A}.Release|x86.ActiveCfg = Release|Win32
		{15EC7BDD-CFBF-4F7E-9B93-27C7FD74757A}.Release|x86.Build.0 = Release|Win32
		{6D7B973D-16FE-400A-B553-E13496D239FE}.Debug|x64.ActiveCfg = Debug|x64
		{6D7B973D-16FE-400A-B553-E13496D239FE}.Debug|x64.Build.0 = Debug|x64
		{6D7B973D-16FE-400A-B553-E13496D239FE}.Debug|x86.ActiveCfg = Debug|Win32
		{6D7B973D-16FE-400A-B553-E13496D239FE}.Debug|x86.Build.0 = Debug|Win32
		{6D7B973D-16FE-400A-B553-E13496D239FE}.Release|x64.ActiveCfg = Release|x64
		{6D7B973D-16FE-400A-B553-E13496D239FE}.Release|x64.Build.0 = Release|x64
		{6D7B973D-16FE-400A-B553-E13496D239FE}.Release|x86.ActiveCfg = Release|Win32
		{6D7B973D-16FE-400A-B553-E13496D239FE}.Release|x86.Build.0 = Release|Win32
		{39224DB4-B1B5-4333-BF90-9FB501EFA2FD}.Debug|x64.ActiveCfg = Debug|x64
		{39224DB4-B1B5-4333-BF90-9FB501EFA2FD}.Debug|x64.Build.0 = Debug|x64
		{39224DB4-B1B5-4333-BF90-9FB501EFA2FD}.Debug|x86.ActiveCfg = Debug|Win32
		{39224DB4-B1B5-4333-BF90-9FB501EFA2FD}.Debug|x86.Build.0 = Debug|Win32
		{39224DB4-B1B5-4333-BF90-9FB501EFA2FD}.Release|x64.ActiveCfg = Release|x64
		{39224DB4-B1B5-4333-BF90-9FB501EFA2FD}.Release|x64.Build.0 = Release|x64
		{39224DB4-B1B5-4333-BF90-9FB501EFA2FD}.Release|x86.ActiveCfg = Release|Win32
		{39224DB4-B1B5-4333-BF90-9FB501EFA2FD}.Release|x86.Build.0 = Release|Win32
		{AF51D9E3-B772-4AE7-9417-9EAD6E83E48A}.Debug|x64.ActiveCfg = Debug|x64
		{AF51D9E3-B772-4AE7-9417-9EAD6E83E48A}.Debug|x64.Build.0 = Debug|x64
		{AF51D9E3-B772-4AE7-9417-9EAD6E83E48A}.Debug|x86.ActiveCfg = Debug|Win32
		{AF51D9E3-B772-4AE7-9417-9EAD6E83E48A}.Debug|x86.Build.0 = Debug|Win32
		{AF51D9E3-B772-4AE7-9417-9EAD6E83E48A}.Release|x64.ActiveCfg = Release|x64
		{AF51D9E3-B772-4AE7-9417-9EAD6E83E48A}.Release|x64.Build.0 = Release|x64
		{AF51D9E3-B772-4AE7-9417-9EAD6E83E48A}.Release|x86.ActiveCfg = Release|Win32
		{AF51D9E3-B772-4AE7-9417-9EAD6E83E48A}.Release|x86.Build.0 = Release|Win32
		{64E3D531-E01F-4918-93A3-56CC8238ECDD}.Debug|x64.ActiveCfg = Debug|x64
		{64E3D531-E01F-4918-93A3-56CC8238ECDD}.Debug|x64.Build.0 = Debug|x64
		{64E3D531-E01F-4918-93A3-56CC8238ECDD}.Debug|x86.ActiveCfg = Debug|Win32
		{64E3D531-E01F-4918-93A3-56CC8238ECDD}.Debug|x86.Build.0 = Debug|Win32
		{64E3D531-E01F-4918-93A3-56CC8238ECDD}.Release|x64.ActiveCfg = Release|x64
		{64E3D531-E01F-4918-93A3-56CC8238ECDD}.Release|x64.Build.0 = Release|x64
		{64E3D531-E01F-4918-93A3-56CC8238ECDD}.Release|x86.ActiveCfg = Release|Win32
		{64E3D531-E01F-4918-93A3-56CC8238ECDD}.Release|x86.Build.0 = Release|Win32
	EndGlobalSection
	GlobalSection(SolutionProperties) = preSolution
		HideSolutionNode = FALSE
	EndGlobalSection
EndGlobal
